
Microsoft Visual Studio Solution File, Format Version 12.00
# Visual Studio Version 16
VisualStudioVersion = 16.0.31515.178
MinimumVisualStudioVersion = 10.0.40219.1
Project("{FAE04EC0-301F-11D3-BF4B-00C04F79EFBC}") = "Event", "Event\Event.csproj", "{06BEEA88-9DA1-4C59-9B47-40FA8086DB13}"
EndProject
Global
	GlobalSection(SolutionConfigurationPlatforms) = preSolution
		Debug|Any CPU = Debug|Any CPU
		Release|Any CPU = Release|Any CPU
	EndGlobalSection
	GlobalSection(ProjectConfigurationPlatforms) = postSolution
		{06BEEA88-9DA1-4C59-9B47-40FA8086DB13}.Debug|Any CPU.ActiveCfg = Debug|Any CPU
		{06BEEA88-9DA1-4C59-9B47-40FA8086DB13}.Debug|Any CPU.Build.0 = Debug|Any CPU
		{06BEEA88-9DA1-4C59-9B47-40FA8086DB13}.Release|Any CPU.ActiveCfg = Release|Any CPU
		{06BEEA88-9DA1-4C59-9B47-40FA8086DB13}.Release|Any CPU.Build.0 = Release|Any CPU
	EndGlobalSection
	GlobalSection(SolutionProperties) = preSolution
		HideSolutionNode = FALSE
	EndGlobalSection
	GlobalSection(ExtensibilityGlobals) = postSolution
		SolutionGuid = {08F3CF8E-1AAC-4C15-A7F0-A78FEA45512C}
	EndGlobalSection
EndGlobal
