
Microsoft Visual Studio Solution File, Format Version 12.00
# Visual Studio Version 16
VisualStudioVersion = 16.0.31515.178
MinimumVisualStudioVersion = 10.0.40219.1
Project("{FAE04EC0-301F-11D3-BF4B-00C04F79EFBC}") = "Variable", "Variable\Variable.csproj", "{55383156-C1C3-4FB5-9C5C-1F825C3A4F14}"
EndProject
Global
	GlobalSection(SolutionConfigurationPlatforms) = preSolution
		Debug|Any CPU = Debug|Any CPU
		Release|Any CPU = Release|Any CPU
	EndGlobalSection
	GlobalSection(ProjectConfigurationPlatforms) = postSolution
		{55383156-C1C3-4FB5-9C5C-1F825C3A4F14}.Debug|Any CPU.ActiveCfg = Debug|Any CPU
		{55383156-C1C3-4FB5-9C5C-1F825C3A4F14}.Debug|Any CPU.Build.0 = Debug|Any CPU
		{55383156-C1C3-4FB5-9C5C-1F825C3A4F14}.Release|Any CPU.ActiveCfg = Release|Any CPU
		{55383156-C1C3-4FB5-9C5C-1F825C3A4F14}.Release|Any CPU.Build.0 = Release|Any CPU
	EndGlobalSection
	GlobalSection(SolutionProperties) = preSolution
		HideSolutionNode = FALSE
	EndGlobalSection
	GlobalSection(ExtensibilityGlobals) = postSolution
		SolutionGuid = {BEECA663-2C8D-4EEE-8323-661787FF5335}
	EndGlobalSection
EndGlobal
